
Microsoft Visual Studio Solution File, Format Version 12.00
# Visual Studio Version 17
VisualStudioVersion = 17.13.35931.197
MinimumVisualStudioVersion = 10.0.40219.1
Project("{FAE04EC0-301F-11D3-BF4B-00C04F79EFBC}") = "Hotel Booking", "Hotel Booking\Hotel Booking.csproj", "{49720164-9EAE-4B3D-B4B0-BFF6372FCFD5}"
EndProject
Project("{2150E333-8FDC-42A3-9474-1A3956D46DE8}") = "1.Domain", "1.Domain", "{02EA681E-C7D8-13C7-8484-4AC65E1B71E8}"
EndProject
Project("{2150E333-8FDC-42A3-9474-1A3956D46DE8}") = "Core", "Core", "{0DC22559-C8DB-407B-A00A-2E73F5A08D43}"
EndProject
Project("{FAE04EC0-301F-11D3-BF4B-00C04F79EFBC}") = "1.Hotel Booking Domain.Core", "Hotel Booking Domain.Core\1.Hotel Booking Domain.Core.csproj", "{AAE5DB1C-53F9-4A00-B924-689130BA3228}"
EndProject
Project("{2150E333-8FDC-42A3-9474-1A3956D46DE8}") = "2.Infrastruters", "2.Infrastruters", "{55B1D43E-C287-4A95-9A1C-9B1617A27A63}"
EndProject
Project("{FAE04EC0-301F-11D3-BF4B-00C04F79EFBC}") = "HotelBookingInfrastruters", "Hotel Booking Infrastruters\HotelBookingInfrastruters.csproj", "{EA808F72-CEF5-4E19-8178-F50893934AC7}"
EndProject
Project("{2150E333-8FDC-42A3-9474-1A3956D46DE8}") = "3.End Point", "3.End Point", "{D40599F3-6EFF-47C1-8104-E8BFF710B337}"
EndProject
Project("{2150E333-8FDC-42A3-9474-1A3956D46DE8}") = "XUnit", "XUnit", "{09698897-AC12-4BF8-A124-D4E761FC8D84}"
EndProject
Project("{2150E333-8FDC-42A3-9474-1A3956D46DE8}") = "0.FrameWork", "0.FrameWork", "{F065F9F1-7389-43C9-A4F3-2C6936B73933}"
EndProject
Project("{FAE04EC0-301F-11D3-BF4B-00C04F79EFBC}") = "2.Hotel Booking Application Service.Core", "Hotel Booking Application Service\2.Hotel Booking Application Service.Core.csproj", "{457FBDE3-EE8B-4D49-8769-DAD4959B1B6F}"
EndProject
Project("{FAE04EC0-301F-11D3-BF4B-00C04F79EFBC}") = "Hotel Booking APIs", "Hotel Booking APIs\Hotel Booking APIs.csproj", "{CFE09385-C9DA-44E3-89EF-8D98FF8CE9D2}"
EndProject
Project("{2150E333-8FDC-42A3-9474-1A3956D46DE8}") = "PythonAi", "PythonAi", "{4E727729-69BA-4E8A-9998-319DDAF12417}"
EndProject
Project("{FAE04EC0-301F-11D3-BF4B-00C04F79EFBC}") = "XUNIT TEST BOOKING", "XUNIT TEST BOOKING\XUNIT TEST BOOKING.csproj", "{8B8D8428-969E-40DD-9240-6C0041FA3C35}"
EndProject
Project("{2150E333-8FDC-42A3-9474-1A3956D46DE8}") = "Test", "Test", "{39E4CF5B-2C31-4C0F-B450-309E37BC43B9}"
EndProject
Project("{FAE04EC0-301F-11D3-BF4B-00C04F79EFBC}") = "ConsoleApp2", "ConsoleApp2\ConsoleApp2.csproj", "{0344F5E2-1E4B-4C35-A9B1-7BF1E52811C1}"
EndProject
Project("{FAE04EC0-301F-11D3-BF4B-00C04F79EFBC}") = "FoodSeach", "FoodSeach\FoodSeach.csproj", "{F4398E0B-59EB-4818-BE42-1C78A32A8A6E}"
EndProject
Global
	GlobalSection(SolutionConfigurationPlatforms) = preSolution
		Debug|Any CPU = Debug|Any CPU
		Release|Any CPU = Release|Any CPU
	EndGlobalSection
	GlobalSection(ProjectConfigurationPlatforms) = postSolution
		{49720164-9EAE-4B3D-B4B0-BFF6372FCFD5}.Debug|Any CPU.ActiveCfg = Debug|Any CPU
		{49720164-9EAE-4B3D-B4B0-BFF6372FCFD5}.Debug|Any CPU.Build.0 = Debug|Any CPU
		{49720164-9EAE-4B3D-B4B0-BFF6372FCFD5}.Release|Any CPU.ActiveCfg = Release|Any CPU
		{49720164-9EAE-4B3D-B4B0-BFF6372FCFD5}.Release|Any CPU.Build.0 = Release|Any CPU
		{AAE5DB1C-53F9-4A00-B924-689130BA3228}.Debug|Any CPU.ActiveCfg = Debug|Any CPU
		{AAE5DB1C-53F9-4A00-B924-689130BA3228}.Debug|Any CPU.Build.0 = Debug|Any CPU
		{AAE5DB1C-53F9-4A00-B924-689130BA3228}.Release|Any CPU.ActiveCfg = Release|Any CPU
		{AAE5DB1C-53F9-4A00-B924-689130BA3228}.Release|Any CPU.Build.0 = Release|Any CPU
		{EA808F72-CEF5-4E19-8178-F50893934AC7}.Debug|Any CPU.ActiveCfg = Debug|Any CPU
		{EA808F72-CEF5-4E19-8178-F50893934AC7}.Debug|Any CPU.Build.0 = Debug|Any CPU
		{EA808F72-CEF5-4E19-8178-F50893934AC7}.Release|Any CPU.ActiveCfg = Release|Any CPU
		{EA808F72-CEF5-4E19-8178-F50893934AC7}.Release|Any CPU.Build.0 = Release|Any CPU
		{457FBDE3-EE8B-4D49-8769-DAD4959B1B6F}.Debug|Any CPU.ActiveCfg = Debug|Any CPU
		{457FBDE3-EE8B-4D49-8769-DAD4959B1B6F}.Debug|Any CPU.Build.0 = Debug|Any CPU
		{457FBDE3-EE8B-4D49-8769-DAD4959B1B6F}.Release|Any CPU.ActiveCfg = Release|Any CPU
		{457FBDE3-EE8B-4D49-8769-DAD4959B1B6F}.Release|Any CPU.Build.0 = Release|Any CPU
		{CFE09385-C9DA-44E3-89EF-8D98FF8CE9D2}.Debug|Any CPU.ActiveCfg = Debug|Any CPU
		{CFE09385-C9DA-44E3-89EF-8D98FF8CE9D2}.Debug|Any CPU.Build.0 = Debug|Any CPU
		{CFE09385-C9DA-44E3-89EF-8D98FF8CE9D2}.Release|Any CPU.ActiveCfg = Release|Any CPU
		{CFE09385-C9DA-44E3-89EF-8D98FF8CE9D2}.Release|Any CPU.Build.0 = Release|Any CPU
		{8B8D8428-969E-40DD-9240-6C0041FA3C35}.Debug|Any CPU.ActiveCfg = Debug|Any CPU
		{8B8D8428-969E-40DD-9240-6C0041FA3C35}.Debug|Any CPU.Build.0 = Debug|Any CPU
		{8B8D8428-969E-40DD-9240-6C0041FA3C35}.Release|Any CPU.ActiveCfg = Release|Any CPU
		{8B8D8428-969E-40DD-9240-6C0041FA3C35}.Release|Any CPU.Build.0 = Release|Any CPU
		{0344F5E2-1E4B-4C35-A9B1-7BF1E52811C1}.Debug|Any CPU.ActiveCfg = Debug|Any CPU
		{0344F5E2-1E4B-4C35-A9B1-7BF1E52811C1}.Debug|Any CPU.Build.0 = Debug|Any CPU
		{0344F5E2-1E4B-4C35-A9B1-7BF1E52811C1}.Release|Any CPU.ActiveCfg = Release|Any CPU
		{0344F5E2-1E4B-4C35-A9B1-7BF1E52811C1}.Release|Any CPU.Build.0 = Release|Any CPU
		{F4398E0B-59EB-4818-BE42-1C78A32A8A6E}.Debug|Any CPU.ActiveCfg = Debug|Any CPU
		{F4398E0B-59EB-4818-BE42-1C78A32A8A6E}.Debug|Any CPU.Build.0 = Debug|Any CPU
		{F4398E0B-59EB-4818-BE42-1C78A32A8A6E}.Release|Any CPU.ActiveCfg = Release|Any CPU
		{F4398E0B-59EB-4818-BE42-1C78A32A8A6E}.Release|Any CPU.Build.0 = Release|Any CPU
	EndGlobalSection
	GlobalSection(SolutionProperties) = preSolution
		HideSolutionNode = FALSE
	EndGlobalSection
	GlobalSection(NestedProjects) = preSolution
		{49720164-9EAE-4B3D-B4B0-BFF6372FCFD5} = {D40599F3-6EFF-47C1-8104-E8BFF710B337}
		{0DC22559-C8DB-407B-A00A-2E73F5A08D43} = {02EA681E-C7D8-13C7-8484-4AC65E1B71E8}
		{AAE5DB1C-53F9-4A00-B924-689130BA3228} = {0DC22559-C8DB-407B-A00A-2E73F5A08D43}
		{EA808F72-CEF5-4E19-8178-F50893934AC7} = {55B1D43E-C287-4A95-9A1C-9B1617A27A63}
		{457FBDE3-EE8B-4D49-8769-DAD4959B1B6F} = {0DC22559-C8DB-407B-A00A-2E73F5A08D43}
		{CFE09385-C9DA-44E3-89EF-8D98FF8CE9D2} = {D40599F3-6EFF-47C1-8104-E8BFF710B337}
		{8B8D8428-969E-40DD-9240-6C0041FA3C35} = {09698897-AC12-4BF8-A124-D4E761FC8D84}
		{0344F5E2-1E4B-4C35-A9B1-7BF1E52811C1} = {39E4CF5B-2C31-4C0F-B450-309E37BC43B9}
		{F4398E0B-59EB-4818-BE42-1C78A32A8A6E} = {39E4CF5B-2C31-4C0F-B450-309E37BC43B9}
	EndGlobalSection
	GlobalSection(ExtensibilityGlobals) = postSolution
		SolutionGuid = {470D158A-7642-414C-B5ED-8D0F0D0A10D5}
	EndGlobalSection
EndGlobal
